// !$*UTF8*$!
{
	archiveVersion = 1;
	classes = {
	};
	objectVersion = 77;
	objects = {

/* Begin PBXContainerItemProxy section */
		144581092FB0E7ED00EB0502 /* PBXContainerItemProxy */ = {
			isa = PBXContainerItemProxy;
			containerPortal = 144580F12FB0E7E900EB0502 /* Project object */;
			proxyType = 1;
			remoteGlobalIDString = 144580F82FB0E7E900EB0502;
			remoteInfo = SmartGroceryOptimizer;
		};
		144581132FB0E7ED00EB0502 /* PBXContainerItemProxy */ = {
			isa = PBXContainerItemProxy;
			containerPortal = 144580F12FB0E7E900EB0502 /* Project object */;
			proxyType = 1;
			remoteGlobalIDString = 144580F82FB0E7E900EB0502;
			remoteInfo = SmartGroceryOptimizer;
		};
/* End PBXContainerItemProxy section */

/* Begin PBXFileReference section */
		144580F92FB0E7EA00EB0502 /* SmartGroceryOptimizer.app */ = {isa = PBXFileReference; explicitFileType = wrapper.application; includeInIndex = 0; path = SmartGroceryOptimizer.app; sourceTree = BUILT_PRODUCTS_DIR; };
		144581082FB0E7ED00EB0502 /* SmartGroceryOptimizerTests.xctest */ = {isa = PBXFileReference; explicitFileType = wrapper.cfbundle; includeInIndex = 0; path = SmartGroceryOptimizerTests.xctest; sourceTree = BUILT_PRODUCTS_DIR; };
		144581122FB0E7ED00EB0502 /* SmartGroceryOptimizerUITests.xctest */ = {isa = PBXFileReference; explicitFileType = wrapper.cfbundle; includeInIndex = 0; path = SmartGroceryOptimizerUITests.xctest; sourceTree = BUILT_PRODUCTS_DIR; };
/* End PBXFileReference section */

/* Begin PBXFileSystemSynchronizedRootGroup section */
		144580FB2FB0E7EA00EB0502 /* SmartGroceryOptimizer */ = {
			isa = PBXFileSystemSynchronizedRootGroup;
			path = SmartGroceryOptimizer;
			sourceTree = "<group>";
		};
		1445810B2FB0E7ED00EB0502 /* SmartGroceryOptimizerTests */ = {
			isa = PBXFileSystemSynchronizedRootGroup;
			path = SmartGroceryOptimizerTests;
			sourceTree = "<group>";
		};
		144581152FB0E7ED00EB0502 /* SmartGroceryOptimizerUITests */ = {
			isa = PBXFileSystemSynchronizedRootGroup;
			path = SmartGroceryOptimizerUITests;
			sourceTree = "<group>";
		};
/* End PBXFileSystemSynchronizedRootGroup section */

/* Begin PBXFrameworksBuildPhase section */
		144580F62FB0E7E900EB0502 /* Frameworks */ = {
			isa = PBXFrameworksBuildPhase;
			buildActionMask = 2147483647;
			files = (
			);
			runOnlyForDeploymentPostprocessing = 0;
		};
		144581052FB0E7ED00EB0502 /* Frameworks */ = {
			isa = PBXFrameworksBuildPhase;
			buildActionMask = 2147483647;
			files = (
			);
			runOnlyForDeploymentPostprocessing = 0;
		};
		1445810F2FB0E7ED00EB0502 /* Frameworks */ = {
			isa = PBXFrameworksBuildPhase;
			buildActionMask = 2147483647;
			files = (
			);
			runOnlyForDeploymentPostprocessing = 0;
		};
/* End PBXFrameworksBuildPhase section */

/* Begin PBXGroup section */
		144580F02FB0E7E900EB0502 = {
			isa = PBXGroup;
			children = (
				144580FB2FB0E7EA00EB0502 /* SmartGroceryOptimizer */,
				1445810B2FB0E7ED00EB0502 /* SmartGroceryOptimizerTests */,
				144581152FB0E7ED00EB0502 /* SmartGroceryOptimizerUITests */,
				144580FA2FB0E7EA00EB0502 /* Products */,
			);
			sourceTree = "<group>";
		};
		144580FA2FB0E7EA00EB0502 /* Products */ = {
			isa = PBXGroup;
			children = (
				144580F92FB0E7EA00EB0502 /* SmartGroceryOptimizer.app */,
				144581082FB0E7ED00EB0502 /* SmartGroceryOptimizerTests.xctest */,
				144581122FB0E7ED00EB0502 /* SmartGroceryOptimizerUITests.xctest */,
			);
			name = Products;
			sourceTree = "<group>";
		};
/* End PBXGroup section */

/* Begin PBXNativeTarget section */
		144580F82FB0E7E900EB0502 /* SmartGroceryOptimizer */ = {
			isa = PBXNativeTarget;
			buildConfigurationList = 1445811C2FB0E7ED00EB0502 /* Build configuration list for PBXNativeTarget "SmartGroceryOptimizer" */;
			buildPhases = (
				144580F52FB0E7E900EB0502 /* Sources */,
				144580F62FB0E7E900EB0502 /* Frameworks */,
				144580F72FB0E7E900EB0502 /* Resources */,
			);
			buildRules = (
			);
			dependencies = (
			);
			fileSystemSynchronizedGroups = (
				144580FB2FB0E7EA00EB0502 /* SmartGroceryOptimizer */,
			);
			name = SmartGroceryOptimizer;
			packageProductDependencies = (
			);
			productName = SmartGroceryOptimizer;
			productReference = 144580F92FB0E7EA00EB0502 /* SmartGroceryOptimizer.app */;
			productType = "com.apple.product-type.application";
		};
		144581072FB0E7ED00EB0502 /* SmartGroceryOptimizerTests */ = {
			isa = PBXNativeTarget;
			buildConfigurationList = 1445811F2FB0E7ED00EB0502 /* Build configuration list for PBXNativeTarget "SmartGroceryOptimizerTests" */;
			buildPhases = (
				144581042FB0E7ED00EB0502 /* Sources */,
				144581052FB0E7ED00EB0502 /* Frameworks */,
				144581062FB0E7ED00EB0502 /* Resources */,
			);
			buildRules = (
			);
			dependencies = (
				1445810A2FB0E7ED00EB0502 /* PBXTargetDependency */,
			);
			fileSystemSynchronizedGroups = (
				1445810B2FB0E7ED00EB0502 /* SmartGroceryOptimizerTests */,
			);
			name = SmartGroceryOptimizerTests;
			packageProductDependencies = (
			);
			productName = SmartGroceryOptimizerTests;
			productReference = 144581082FB0E7ED00EB0502 /* SmartGroceryOptimizerTests.xctest */;
			productType = "com.apple.product-type.bundle.unit-test";
		};
		144581112FB0E7ED00EB0502 /* SmartGroceryOptimizerUITests */ = {
			isa = PBXNativeTarget;
			buildConfigurationList = 144581222FB0E7ED00EB0502 /* Build configuration list for PBXNativeTarget "SmartGroceryOptimizerUITests" */;
			buildPhases = (
				1445810E2FB0E7ED00EB0502 /* Sources */,
				1445810F2FB0E7ED00EB0502 /* Frameworks */,
				144581102FB0E7ED00EB0502 /* Resources */,
			);
			buildRules = (
			);
			dependencies = (
				144581142FB0E7ED00EB0502 /* PBXTargetDependency */,
			);
			fileSystemSynchronizedGroups = (
				144581152FB0E7ED00EB0502 /* SmartGroceryOptimizerUITests */,
			);
			name = SmartGroceryOptimizerUITests;
			packageProductDependencies = (
			);
			productName = SmartGroceryOptimizerUITests;
			productReference = 144581122FB0E7ED00EB0502 /* SmartGroceryOptimizerUITests.xctest */;
			productType = "com.apple.product-type.bundle.ui-testing";
		};
/* End PBXNativeTarget section */

/* Begin PBXProject section */
		144580F12FB0E7E900EB0502 /* Project object */ = {
			isa = PBXProject;
			attributes = {
				BuildIndependentTargetsInParallel = 1;
				LastSwiftUpdateCheck = 2640;
				LastUpgradeCheck = 2640;
				TargetAttributes = {
					144580F82FB0E7E900EB0502 = {
						CreatedOnToolsVersion = 26.4.1;
					};
					144581072FB0E7ED00EB0502 = {
						CreatedOnToolsVersion = 26.4.1;
						TestTargetID = 144580F82FB0E7E900EB0502;
					};
					144581112FB0E7ED00EB0502 = {
						CreatedOnToolsVersion = 26.4.1;
						TestTargetID = 144580F82FB0E7E900EB0502;
					};
				};
			};
			buildConfigurationList = 144580F42FB0E7E900EB0502 /* Build configuration list for PBXProject "SmartGroceryOptimizer" */;
			developmentRegion = en;
			hasScannedForEncodings = 0;
			knownRegions = (
				en,
				Base,
			);
			mainGroup = 144580F02FB0E7E900EB0502;
			minimizedProjectReferenceProxies = 1;
			preferredProjectObjectVersion = 77;
			productRefGroup = 144580FA2FB0E7EA00EB0502 /* Products */;
			projectDirPath = "";
			projectRoot = "";
			targets = (
				144580F82FB0E7E900EB0502 /* SmartGroceryOptimizer */,
				144581072FB0E7ED00EB0502 /* SmartGroceryOptimizerTests */,
				144581112FB0E7ED00EB0502 /* SmartGroceryOptimizerUITests */,
			);
		};
/* End PBXProject section */

/* Begin PBXResourcesBuildPhase section */
		144580F72FB0E7E900EB0502 /* Resources */ = {
			isa = PBXResourcesBuildPhase;
			buildActionMask = 2147483647;
			files = (
			);
			runOnlyForDeploymentPostprocessing = 0;
		};
		144581062FB0E7ED00EB0502 /* Resources */ = {
			isa = PBXResourcesBuildPhase;
			buildActionMask = 2147483647;
			files = (
			);
			runOnlyForDeploymentPostprocessing = 0;
		};
		144581102FB0E7ED00EB0502 /* Resources */ = {
			isa = PBXResourcesBuildPhase;
			buildActionMask = 2147483647;
			files = (
			);
			runOnlyForDeploymentPostprocessing = 0;
		};
/* End PBXResourcesBuildPhase section */

/* Begin PBXSourcesBuildPhase section */
		144580F52FB0E7E900EB0502 /* Sources */ = {
			isa = PBXSourcesBuildPhase;
			buildActionMask = 2147483647;
			files = (
			);
			runOnlyForDeploymentPostprocessing = 0;
		};
		144581042FB0E7ED00EB0502 /* Sources */ = {
			isa = PBXSourcesBuildPhase;
			buildActionMask = 2147483647;
			files = (
			);
			runOnlyForDeploymentPostprocessing = 0;
		};
		1445810E2FB0E7ED00EB0502 /* Sources */ = {
			isa = PBXSourcesBuildPhase;
			buildActionMask = 2147483647;
			files = (
			);
			runOnlyForDeploymentPostprocessing = 0;
		};
/* End PBXSourcesBuildPhase section */

/* Begin PBXTargetDependency section */
		1445810A2FB0E7ED00EB0502 /* PBXTargetDependency */ = {
			isa = PBXTargetDependency;
			target = 144580F82FB0E7E900EB0502 /* SmartGroceryOptimizer */;
			targetProxy = 144581092FB0E7ED00EB0502 /* PBXContainerItemProxy */;
		};
		144581142FB0E7ED00EB0502 /* PBXTargetDependency */ = {
			isa = PBXTargetDependency;
			target = 144580F82FB0E7E900EB0502 /* SmartGroceryOptimizer */;
			targetProxy = 144581132FB0E7ED00EB0502 /* PBXContainerItemProxy */;
		};
/* End PBXTargetDependency section */

/* Begin XCBuildConfiguration section */
		1445811A2FB0E7ED00EB0502 /* Debug */ = {
			isa = XCBuildConfiguration;
			buildSettings = {
				ALWAYS_SEARCH_USER_PATHS = NO;
				ASSETCATALOG_COMPILER_GENERATE_SWIFT_ASSET_SYMBOL_EXTENSIONS = YES;
				CLANG_ANALYZER_NONNULL = YES;
				CLANG_ANALYZER_NUMBER_OBJECT_CONVERSION = YES_AGGRESSIVE;
				CLANG_CXX_LANGUAGE_STANDARD = "gnu++20";
				CLANG_ENABLE_MODULES = YES;
				CLANG_ENABLE_OBJC_ARC = YES;
				CLANG_ENABLE_OBJC_WEAK = YES;
				CLANG_WARN_BLOCK_CAPTURE_AUTORELEASING = YES;
				CLANG_WARN_BOOL_CONVERSION = YES;
				CLANG_WARN_COMMA = YES;
				CLANG_WARN_CONSTANT_CONVERSION = YES;
				CLANG_WARN_DEPRECATED_OBJC_IMPLEMENTATIONS = YES;
				CLANG_WARN_DIRECT_OBJC_ISA_USAGE = YES_ERROR;
				CLANG_WARN_DOCUMENTATION_COMMENTS = YES;
				CLANG_WARN_EMPTY_BODY = YES;
				CLANG_WARN_ENUM_CONVERSION = YES;
				CLANG_WARN_INFINITE_RECURSION = YES;
				CLANG_WARN_INT_CONVERSION = YES;
				CLANG_WARN_NON_LITERAL_NULL_CONVERSION = YES;
				CLANG_WARN_OBJC_IMPLICIT_RETAIN_SELF = YES;
				CLANG_WARN_OBJC_LITERAL_CONVERSION = YES;
				CLANG_WARN_OBJC_ROOT_CLASS = YES_ERROR;
				CLANG_WARN_QUOTED_INCLUDE_IN_FRAMEWORK_HEADER = YES;
				CLANG_WARN_RANGE_LOOP_ANALYSIS = YES;
				CLANG_WARN_STRICT_PROTOTYPES = YES;
				CLANG_WARN_SUSPICIOUS_MOVE = YES;
				CLANG_WARN_UNGUARDED_AVAILABILITY = YES_AGGRESSIVE;
				CLANG_WARN_UNREACHABLE_CODE = YES;
				CLANG_WARN__DUPLICATE_METHOD_MATCH = YES;
				COPY_PHASE_STRIP = NO;
				DEBUG_INFORMATION_FORMAT = dwarf;
				DEVELOPMENT_TEAM = GUDRZQ53QV;
				ENABLE_STRICT_OBJC_MSGSEND = YES;
				ENABLE_TESTABILITY = YES;
				ENABLE_USER_SCRIPT_SANDBOXING = YES;
				GCC_C_LANGUAGE_STANDARD = gnu17;
				GCC_DYNAMIC_NO_PIC = NO;
				GCC_NO_COMMON_BLOCKS = YES;
				GCC_OPTIMIZATION_LEVEL = 0;
				GCC_PREPROCESSOR_DEFINITIONS = (
					"DEBUG=1",
					"$(inherited)",
				);
				GCC_WARN_64_TO_32_BIT_CONVERSION = YES;
				GCC_WARN_ABOUT_RETURN_TYPE = YES_ERROR;
				GCC_WARN_UNDECLARED_SELECTOR = YES;
				GCC_WARN_UNINITIALIZED_AUTOS = YES_AGGRESSIVE;
				GCC_WARN_UNUSED_FUNCTION = YES;
				GCC_WARN_UNUSED_VARIABLE = YES;
				IPHONEOS_DEPLOYMENT_TARGET = 26.4;
				LOCALIZATION_PREFERS_STRING_CATALOGS = YES;
				MTL_ENABLE_DEBUG_INFO = INCLUDE_SOURCE;
				MTL_FAST_MATH = YES;
				ONLY_ACTIVE_ARCH = YES;
				SDKROOT = iphoneos;
				SWIFT_ACTIVE_COMPILATION_CONDITIONS = "DEBUG $(inherited)";
				SWIFT_OPTIMIZATION_LEVEL = "-Onone";
			};
			name = Debug;
		};
		1445811B2FB0E7ED00EB0502 /* Release */ = {
			isa = XCBuildConfiguration;
			buildSettings = {
				ALWAYS_SEARCH_USER_PATHS = NO;
				ASSETCATALOG_COMPILER_GENERATE_SWIFT_ASSET_SYMBOL_EXTENSIONS = YES;
				CLANG_ANALYZER_NONNULL = YES;
				CLANG_ANALYZER_NUMBER_OBJECT_CONVERSION = YES_AGGRESSIVE;
				CLANG_CXX_LANGUAGE_STANDARD = "gnu++20";
				CLANG_ENABLE_MODULES = YES;
				CLANG_ENABLE_OBJC_ARC = YES;
				CLANG_ENABLE_OBJC_WEAK = YES;
				CLANG_WARN_BLOCK_CAPTURE_AUTORELEASING = YES;
				CLANG_WARN_BOOL_CONVERSION = YES;
				CLANG_WARN_COMMA = YES;
				CLANG_WARN_CONSTANT_CONVERSION = YES;
				CLANG_WARN_DEPRECATED_OBJC_IMPLEMENTATIONS = YES;
				CLANG_WARN_DIRECT_OBJC_ISA_USAGE = YES_ERROR;
				CLANG_WARN_DOCUMENTATION_COMMENTS = YES;
				CLANG_WARN_EMPTY_BODY = YES;
				CLANG_WARN_ENUM_CONVERSION = YES;
				CLANG_WARN_INFINITE_RECURSION = YES;
				CLANG_WARN_INT_CONVERSION = YES;
				CLANG_WARN_NON_LITERAL_NULL_CONVERSION = YES;
				CLANG_WARN_OBJC_IMPLICIT_RETAIN_SELF = YES;
				CLANG_WARN_OBJC_LITERAL_CONVERSION = YES;
				CLANG_WARN_OBJC_ROOT_CLASS = YES_ERROR;
				CLANG_WARN_QUOTED_INCLUDE_IN_FRAMEWORK_HEADER = YES;
				CLANG_WARN_RANGE_LOOP_ANALYSIS = YES;
				CLANG_WARN_STRICT_PROTOTYPES = YES;
				CLANG_WARN_SUSPICIOUS_MOVE = YES;
				CLANG_WARN_UNGUARDED_AVAILABILITY = YES_AGGRESSIVE;
				CLANG_WARN_UNREACHABLE_CODE = YES;
				CLANG_WARN__DUPLICATE_METHOD_MATCH = YES;
				COPY_PHASE_STRIP = NO;
				DEBUG_INFORMATION_FORMAT = "dwarf-with-dsym";
				DEVELOPMENT_TEAM = GUDRZQ53QV;
				ENABLE_NS_ASSERTIONS = NO;
				ENABLE_STRICT_OBJC_MSGSEND = YES;
				ENABLE_USER_SCRIPT_SANDBOXING = YES;
				GCC_C_LANGUAGE_STANDARD = gnu17;
				GCC_NO_COMMON_BLOCKS = YES;
				GCC_WARN_64_TO_32_BIT_CONVERSION = YES;
				GCC_WARN_ABOUT_RETURN_TYPE = YES_ERROR;
				GCC_WARN_UNDECLARED_SELECTOR = YES;
				GCC_WARN_UNINITIALIZED_AUTOS = YES_AGGRESSIVE;
				GCC_WARN_UNUSED_FUNCTION = YES;
				GCC_WARN_UNUSED_VARIABLE = YES;
				IPHONEOS_DEPLOYMENT_TARGET = 26.4;
				LOCALIZATION_PREFERS_STRING_CATALOGS = YES;
				MTL_ENABLE_DEBUG_INFO = NO;
				MTL_FAST_MATH = YES;
				SDKROOT = iphoneos;
				SWIFT_COMPILATION_MODE = wholemodule;
				VALIDATE_PRODUCT = YES;
			};
			name = Release;
		};
		1445811D2FB0E7ED00EB0502 /* Debug */ = {
			isa = XCBuildConfiguration;
			buildSettings = {
				ASSETCATALOG_COMPILER_APPICON_NAME = AppIcon;
				ASSETCATALOG_COMPILER_GLOBAL_ACCENT_COLOR_NAME = AccentColor;
				CODE_SIGN_STYLE = Automatic;
				CURRENT_PROJECT_VERSION = 1;
				DEVELOPMENT_TEAM = GUDRZQ53QV;
				ENABLE_PREVIEWS = YES;
				GENERATE_INFOPLIST_FILE = YES;
				INFOPLIST_KEY_UIApplicationSceneManifest_Generation = YES;
				INFOPLIST_KEY_UIApplicationSupportsIndirectInputEvents = YES;
				INFOPLIST_KEY_UILaunchScreen_Generation = YES;
				INFOPLIST_KEY_UISupportedInterfaceOrientations_iPad = "UIInterfaceOrientationPortrait UIInterfaceOrientationPortraitUpsideDown UIInterfaceOrientationLandscapeLeft UIInterfaceOrientationLandscapeRight";
				INFOPLIST_KEY_UISupportedInterfaceOrientations_iPhone = "UIInterfaceOrientationPortrait UIInterfaceOrientationLandscapeLeft UIInterfaceOrientationLandscapeRight";
				LD_RUNPATH_SEARCH_PATHS = (
					"$(inherited)",
					"@executable_path/Frameworks",
				);
				MARKETING_VERSION = 1.0;
				PRODUCT_BUNDLE_IDENTIFIER = com.justinfloyd.SmartGroceryOptimizer;
				PRODUCT_NAME = "$(TARGET_NAME)";
				STRING_CATALOG_GENERATE_SYMBOLS = YES;
				SWIFT_APPROACHABLE_CONCURRENCY = YES;
				SWIFT_DEFAULT_ACTOR_ISOLATION = MainActor;
				SWIFT_EMIT_LOC_STRINGS = YES;
				SWIFT_UPCOMING_FEATURE_MEMBER_IMPORT_VISIBILITY = YES;
				SWIFT_VERSION = 5.0;
				TARGETED_DEVICE_FAMILY = "1,2";
			};
			name = Debug;
		};
		1445811E2FB0E7ED00EB0502 /* Release */ = {
			isa = XCBuildConfiguration;
			buildSettings = {
				ASSETCATALOG_COMPILER_APPICON_NAME = AppIcon;
				ASSETCATALOG_COMPILER_GLOBAL_ACCENT_COLOR_NAME = AccentColor;
				CODE_SIGN_STYLE = Automatic;
				CURRENT_PROJECT_VERSION = 1;
				DEVELOPMENT_TEAM = GUDRZQ53QV;
				ENABLE_PREVIEWS = YES;
				GENERATE_INFOPLIST_FILE = YES;
				INFOPLIST_KEY_UIApplicationSceneManifest_Generation = YES;
				INFOPLIST_KEY_UIApplicationSupportsIndirectInputEvents = YES;
				INFOPLIST_KEY_UILaunchScreen_Generation = YES;
				INFOPLIST_KEY_UISupportedInterfaceOrientations_iPad = "UIInterfaceOrientationPortrait UIInterfaceOrientationPortraitUpsideDown UIInterfaceOrientationLandscapeLeft UIInterfaceOrientationLandscapeRight";
				INFOPLIST_KEY_UISupportedInterfaceOrientations_iPhone = "UIInterfaceOrientationPortrait UIInterfaceOrientationLandscapeLeft UIInterfaceOrientationLandscapeRight";
				LD_RUNPATH_SEARCH_PATHS = (
					"$(inherited)",
					"@executable_path/Frameworks",
				);
				MARKETING_VERSION = 1.0;
				PRODUCT_BUNDLE_IDENTIFIER = com.justinfloyd.SmartGroceryOptimizer;
				PRODUCT_NAME = "$(TARGET_NAME)";
				STRING_CATALOG_GENERATE_SYMBOLS = YES;
				SWIFT_APPROACHABLE_CONCURRENCY = YES;
				SWIFT_DEFAULT_ACTOR_ISOLATION = MainActor;
				SWIFT_EMIT_LOC_STRINGS = YES;
				SWIFT_UPCOMING_FEATURE_MEMBER_IMPORT_VISIBILITY = YES;
				SWIFT_VERSION = 5.0;
				TARGETED_DEVICE_FAMILY = "1,2";
			};
			name = Release;
		};
		144581202FB0E7ED00EB0502 /* Debug */ = {
			isa = XCBuildConfiguration;
			buildSettings = {
				BUNDLE_LOADER = "$(TEST_HOST)";
				CODE_SIGN_STYLE = Automatic;
				CURRENT_PROJECT_VERSION = 1;
				DEVELOPMENT_TEAM = GUDRZQ53QV;
				GENERATE_INFOPLIST_FILE = YES;
				IPHONEOS_DEPLOYMENT_TARGET = 26.4;
				MARKETING_VERSION = 1.0;
				PRODUCT_BUNDLE_IDENTIFIER = com.justinfloyd.SmartGroceryOptimizerTests;
				PRODUCT_NAME = "$(TARGET_NAME)";
				STRING_CATALOG_GENERATE_SYMBOLS = NO;
				SWIFT_APPROACHABLE_CONCURRENCY = YES;
				SWIFT_EMIT_LOC_STRINGS = NO;
				SWIFT_UPCOMING_FEATURE_MEMBER_IMPORT_VISIBILITY = YES;
				SWIFT_VERSION = 5.0;
				TARGETED_DEVICE_FAMILY = "1,2";
				TEST_HOST = "$(BUILT_PRODUCTS_DIR)/SmartGroceryOptimizer.app/$(BUNDLE_EXECUTABLE_FOLDER_PATH)/SmartGroceryOptimizer";
			};
			name = Debug;
		};
		144581212FB0E7ED00EB0502 /* Release */ = {
			isa = XCBuildConfiguration;
			buildSettings = {
				BUNDLE_LOADER = "$(TEST_HOST)";
				CODE_SIGN_STYLE = Automatic;
				CURRENT_PROJECT_VERSION = 1;
				DEVELOPMENT_TEAM = GUDRZQ53QV;
				GENERATE_INFOPLIST_FILE = YES;
				IPHONEOS_DEPLOYMENT_TARGET = 26.4;
				MARKETING_VERSION = 1.0;
				PRODUCT_BUNDLE_IDENTIFIER = com.justinfloyd.SmartGroceryOptimizerTests;
				PRODUCT_NAME = "$(TARGET_NAME)";
				STRING_CATALOG_GENERATE_SYMBOLS = NO;
				SWIFT_APPROACHABLE_CONCURRENCY = YES;
				SWIFT_EMIT_LOC_STRINGS = NO;
				SWIFT_UPCOMING_FEATURE_MEMBER_IMPORT_VISIBILITY = YES;
				SWIFT_VERSION = 5.0;
				TARGETED_DEVICE_FAMILY = "1,2";
				TEST_HOST = "$(BUILT_PRODUCTS_DIR)/SmartGroceryOptimizer.app/$(BUNDLE_EXECUTABLE_FOLDER_PATH)/SmartGroceryOptimizer";
			};
			name = Release;
		};
		144581232FB0E7ED00EB0502 /* Debug */ = {
			isa = XCBuildConfiguration;
			buildSettings = {
				CODE_SIGN_STYLE = Automatic;
				CURRENT_PROJECT_VERSION = 1;
				DEVELOPMENT_TEAM = GUDRZQ53QV;
				GENERATE_INFOPLIST_FILE = YES;
				MARKETING_VERSION = 1.0;
				PRODUCT_BUNDLE_IDENTIFIER = com.justinfloyd.SmartGroceryOptimizerUITests;
				PRODUCT_NAME = "$(TARGET_NAME)";
				STRING_CATALOG_GENERATE_SYMBOLS = NO;
				SWIFT_APPROACHABLE_CONCURRENCY = YES;
				SWIFT_EMIT_LOC_STRINGS = NO;
				SWIFT_UPCOMING_FEATURE_MEMBER_IMPORT_VISIBILITY = YES;
				SWIFT_VERSION = 5.0;
				TARGETED_DEVICE_FAMILY = "1,2";
				TEST_TARGET_NAME = SmartGroceryOptimizer;
			};
			name = Debug;
		};
		144581242FB0E7ED00EB0502 /* Release */ = {
			isa = XCBuildConfiguration;
			buildSettings = {
				CODE_SIGN_STYLE = Automatic;
				CURRENT_PROJECT_VERSION = 1;
				DEVELOPMENT_TEAM = GUDRZQ53QV;
				GENERATE_INFOPLIST_FILE = YES;
				MARKETING_VERSION = 1.0;
				PRODUCT_BUNDLE_IDENTIFIER = com.justinfloyd.SmartGroceryOptimizerUITests;
				PRODUCT_NAME = "$(TARGET_NAME)";
				STRING_CATALOG_GENERATE_SYMBOLS = NO;
				SWIFT_APPROACHABLE_CONCURRENCY = YES;
				SWIFT_EMIT_LOC_STRINGS = NO;
				SWIFT_UPCOMING_FEATURE_MEMBER_IMPORT_VISIBILITY = YES;
				SWIFT_VERSION = 5.0;
				TARGETED_DEVICE_FAMILY = "1,2";
				TEST_TARGET_NAME = SmartGroceryOptimizer;
			};
			name = Release;
		};
/* End XCBuildConfiguration section */

/* Begin XCConfigurationList section */
		144580F42FB0E7E900EB0502 /* Build configuration list for PBXProject "SmartGroceryOptimizer" */ = {
			isa = XCConfigurationList;
			buildConfigurations = (
				1445811A2FB0E7ED00EB0502 /* Debug */,
				1445811B2FB0E7ED00EB0502 /* Release */,
			);
			defaultConfigurationIsVisible = 0;
			defaultConfigurationName = Release;
		};
		1445811C2FB0E7ED00EB0502 /* Build configuration list for PBXNativeTarget "SmartGroceryOptimizer" */ = {
			isa = XCConfigurationList;
			buildConfigurations = (
				1445811D2FB0E7ED00EB0502 /* Debug */,
				1445811E2FB0E7ED00EB0502 /* Release */,
			);
			defaultConfigurationIsVisible = 0;
			defaultConfigurationName = Release;
		};
		1445811F2FB0E7ED00EB0502 /* Build configuration list for PBXNativeTarget "SmartGroceryOptimizerTests" */ = {
			isa = XCConfigurationList;
			buildConfigurations = (
				144581202FB0E7ED00EB0502 /* Debug */,
				144581212FB0E7ED00EB0502 /* Release */,
			);
			defaultConfigurationIsVisible = 0;
			defaultConfigurationName = Release;
		};
		144581222FB0E7ED00EB0502 /* Build configuration list for PBXNativeTarget "SmartGroceryOptimizerUITests" */ = {
			isa = XCConfigurationList;
			buildConfigurations = (
				144581232FB0E7ED00EB0502 /* Debug */,
				144581242FB0E7ED00EB0502 /* Release */,
			);
			defaultConfigurationIsVisible = 0;
			defaultConfigurationName = Release;
		};
/* End XCConfigurationList section */
	};
	rootObject = 144580F12FB0E7E900EB0502 /* Project object */;
}
